{
  "originHash" : "f78d33c529cfb7700ce387348f328c010e6f60ea2c0355c25a6a8d9456e9759f",
  "pins" : [
    {
      "identity" : "ad-placement-library-sdk-ios",
      "kind" : "remoteSourceControl",
      "location" : "https://github.com/tenmax/ad-placement-library-sdk-ios",
      "state" : {
        "revision" : "30446c90e44b6e10940f8689c32ff7cf0f5457fc",
        "version" : "1.0.0"
      }
    },
    {
      "identity" : "toast-swift",
      "kind" : "remoteSourceControl",
      "location" : "https://github.com/scalessec/Toast-Swift",
      "state" : {
        "revision" : "ddccd20d6fb718448d9b179c454c561653fda7d5",
        "version" : "5.1.1"
      }
    }
  ],
  "version" : 3
}
