// !$*UTF8*$!
{
	archiveVersion = 1;
	classes = {
	};
	objectVersion = 56;
	objects = {

/* Begin PBXBuildFile section */
		09FB31E12C92E7FE000AF00A /* TenMaxMobileAdsSDK in Frameworks */ = {isa = PBXBuildFile; productRef = 09FB31E02C92E7FE000AF00A /* TenMaxMobileAdsSDK */; };
		09FEB8F22C92C94B00170CFE /* AppDelegate.m in Sources */ = {isa = PBXBuildFile; fileRef = 09FEB8F12C92C94B00170CFE /* AppDelegate.m */; };
		09FEB8F52C92C94B00170CFE /* SceneDelegate.m in Sources */ = {isa = PBXBuildFile; fileRef = 09FEB8F42C92C94B00170CFE /* SceneDelegate.m */; };
		09FEB8FD2C92C94C00170CFE /* Assets.xcassets in Resources */ = {isa = PBXBuildFile; fileRef = 09FEB8FC2C92C94C00170CFE /* Assets.xcassets */; };
		09FEB9002C92C94C00170CFE /* Base in Resources */ = {isa = PBXBuildFile; fileRef = 09FEB8FF2C92C94C00170CFE /* Base */; };
		09FEB9032C92C94C00170CFE /* main.m in Sources */ = {isa = PBXBuildFile; fileRef = 09FEB9022C92C94C00170CFE /* main.m */; };
		09FEB9192C92C9C300170CFE /* DemoSettings.m in Sources */ = {isa = PBXBuildFile; fileRef = 09FEB90A2C92C9C300170CFE /* DemoSettings.m */; };
		09FEB91A2C92C9C300170CFE /* HomeViewController.m in Sources */ = {isa = PBXBuildFile; fileRef = 09FEB90C2C92C9C300170CFE /* HomeViewController.m */; };
		09FEB91B2C92C9C300170CFE /* InlineBannerViewController.m in Sources */ = {isa = PBXBuildFile; fileRef = 09FEB90E2C92C9C300170CFE /* InlineBannerViewController.m */; };
		09FEB91C2C92C9C300170CFE /* InterstitialViewController.m in Sources */ = {isa = PBXBuildFile; fileRef = 09FEB9102C92C9C300170CFE /* InterstitialViewController.m */; };
		09FEB91D2C92C9C300170CFE /* ScreenBannerViewController.m in Sources */ = {isa = PBXBuildFile; fileRef = 09FEB9122C92C9C300170CFE /* ScreenBannerViewController.m */; };
		09FEB9202C92C9C300170CFE /* UIViewController+Extension.swift in Sources */ = {isa = PBXBuildFile; fileRef = 09FEB9172C92C9C300170CFE /* UIViewController+Extension.swift */; };
		09FEB92F2C92D30900170CFE /* Toast in Frameworks */ = {isa = PBXBuildFile; productRef = 09FEB92E2C92D30900170CFE /* Toast */; };
/* End PBXBuildFile section */

/* Begin PBXCopyFilesBuildPhase section */
		09FEB9292C92CBE700170CFE /* Embed Frameworks */ = {
			isa = PBXCopyFilesBuildPhase;
			buildActionMask = 2147483647;
			dstPath = "";
			dstSubfolderSpec = 10;
			files = (
			);
			name = "Embed Frameworks";
			runOnlyForDeploymentPostprocessing = 0;
		};
/* End PBXCopyFilesBuildPhase section */

/* Begin PBXFileReference section */
		09FEB8ED2C92C94B00170CFE /* sdkdemo.app */ = {isa = PBXFileReference; explicitFileType = wrapper.application; includeInIndex = 0; path = sdkdemo.app; sourceTree = BUILT_PRODUCTS_DIR; };
		09FEB8F02C92C94B00170CFE /* AppDelegate.h */ = {isa = PBXFileReference; lastKnownFileType = sourcecode.c.h; path = AppDelegate.h; sourceTree = "<group>"; };
		09FEB8F12C92C94B00170CFE /* AppDelegate.m */ = {isa = PBXFileReference; lastKnownFileType = sourcecode.c.objc; path = AppDelegate.m; sourceTree = "<group>"; };
		09FEB8F32C92C94B00170CFE /* SceneDelegate.h */ = {isa = PBXFileReference; lastKnownFileType = sourcecode.c.h; path = SceneDelegate.h; sourceTree = "<group>"; };
		09FEB8F42C92C94B00170CFE /* SceneDelegate.m */ = {isa = PBXFileReference; lastKnownFileType = sourcecode.c.objc; path = SceneDelegate.m; sourceTree = "<group>"; };
		09FEB8FC2C92C94C00170CFE /* Assets.xcassets */ = {isa = PBXFileReference; lastKnownFileType = folder.assetcatalog; path = Assets.xcassets; sourceTree = "<group>"; };
		09FEB8FF2C92C94C00170CFE /* Base */ = {isa = PBXFileReference; lastKnownFileType = file.storyboard; name = Base; path = Base.lproj/LaunchScreen.storyboard; sourceTree = "<group>"; };
		09FEB9012C92C94C00170CFE /* Info.plist */ = {isa = PBXFileReference; lastKnownFileType = text.plist.xml; path = Info.plist; sourceTree = "<group>"; };
		09FEB9022C92C94C00170CFE /* main.m */ = {isa = PBXFileReference; lastKnownFileType = sourcecode.c.objc; path = main.m; sourceTree = "<group>"; };
		09FEB9092C92C9C300170CFE /* DemoSettings.h */ = {isa = PBXFileReference; fileEncoding = 4; lastKnownFileType = sourcecode.c.h; path = DemoSettings.h; sourceTree = "<group>"; };
		09FEB90A2C92C9C300170CFE /* DemoSettings.m */ = {isa = PBXFileReference; fileEncoding = 4; lastKnownFileType = sourcecode.c.objc; path = DemoSettings.m; sourceTree = "<group>"; };
		09FEB90B2C92C9C300170CFE /* HomeViewController.h */ = {isa = PBXFileReference; fileEncoding = 4; lastKnownFileType = sourcecode.c.h; path = HomeViewController.h; sourceTree = "<group>"; };
		09FEB90C2C92C9C300170CFE /* HomeViewController.m */ = {isa = PBXFileReference; fileEncoding = 4; lastKnownFileType = sourcecode.c.objc; path = HomeViewController.m; sourceTree = "<group>"; };
		09FEB90D2C92C9C300170CFE /* InlineBannerViewController.h */ = {isa = PBXFileReference; fileEncoding = 4; lastKnownFileType = sourcecode.c.h; path = InlineBannerViewController.h; sourceTree = "<group>"; };
		09FEB90E2C92C9C300170CFE /* InlineBannerViewController.m */ = {isa = PBXFileReference; fileEncoding = 4; lastKnownFileType = sourcecode.c.objc; path = InlineBannerViewController.m; sourceTree = "<group>"; };
		09FEB90F2C92C9C300170CFE /* InterstitialViewController.h */ = {isa = PBXFileReference; fileEncoding = 4; lastKnownFileType = sourcecode.c.h; path = InterstitialViewController.h; sourceTree = "<group>"; };
		09FEB9102C92C9C300170CFE /* InterstitialViewController.m */ = {isa = PBXFileReference; fileEncoding = 4; lastKnownFileType = sourcecode.c.objc; path = InterstitialViewController.m; sourceTree = "<group>"; };
		09FEB9112C92C9C300170CFE /* ScreenBannerViewController.h */ = {isa = PBXFileReference; fileEncoding = 4; lastKnownFileType = sourcecode.c.h; path = ScreenBannerViewController.h; sourceTree = "<group>"; };
		09FEB9122C92C9C300170CFE /* ScreenBannerViewController.m */ = {isa = PBXFileReference; fileEncoding = 4; lastKnownFileType = sourcecode.c.objc; path = ScreenBannerViewController.m; sourceTree = "<group>"; };
		09FEB9172C92C9C300170CFE /* UIViewController+Extension.swift */ = {isa = PBXFileReference; fileEncoding = 4; lastKnownFileType = sourcecode.swift; path = "UIViewController+Extension.swift"; sourceTree = "<group>"; };
/* End PBXFileReference section */

/* Begin PBXFrameworksBuildPhase section */
		09FEB8EA2C92C94B00170CFE /* Frameworks */ = {
			isa = PBXFrameworksBuildPhase;
			buildActionMask = 2147483647;
			files = (
				09FEB92F2C92D30900170CFE /* Toast in Frameworks */,
				09FB31E12C92E7FE000AF00A /* TenMaxMobileAdsSDK in Frameworks */,
			);
			runOnlyForDeploymentPostprocessing = 0;
		};
/* End PBXFrameworksBuildPhase section */

/* Begin PBXGroup section */
		09FEB8E42C92C94B00170CFE = {
			isa = PBXGroup;
			children = (
				09FEB8EF2C92C94B00170CFE /* sdkdemo */,
				09FEB8EE2C92C94B00170CFE /* Products */,
			);
			sourceTree = "<group>";
		};
		09FEB8EE2C92C94B00170CFE /* Products */ = {
			isa = PBXGroup;
			children = (
				09FEB8ED2C92C94B00170CFE /* sdkdemo.app */,
			);
			name = Products;
			sourceTree = "<group>";
		};
		09FEB8EF2C92C94B00170CFE /* sdkdemo */ = {
			isa = PBXGroup;
			children = (
				09FEB9182C92C9C300170CFE /* ViewController */,
				09FEB9092C92C9C300170CFE /* DemoSettings.h */,
				09FEB90A2C92C9C300170CFE /* DemoSettings.m */,
				09FEB8F02C92C94B00170CFE /* AppDelegate.h */,
				09FEB8F12C92C94B00170CFE /* AppDelegate.m */,
				09FEB8F32C92C94B00170CFE /* SceneDelegate.h */,
				09FEB8F42C92C94B00170CFE /* SceneDelegate.m */,
				09FEB8FC2C92C94C00170CFE /* Assets.xcassets */,
				09FEB8FE2C92C94C00170CFE /* LaunchScreen.storyboard */,
				09FEB9012C92C94C00170CFE /* Info.plist */,
				09FEB9022C92C94C00170CFE /* main.m */,
			);
			path = sdkdemo;
			sourceTree = "<group>";
		};
		09FEB9182C92C9C300170CFE /* ViewController */ = {
			isa = PBXGroup;
			children = (
				09FEB90B2C92C9C300170CFE /* HomeViewController.h */,
				09FEB90C2C92C9C300170CFE /* HomeViewController.m */,
				09FEB90D2C92C9C300170CFE /* InlineBannerViewController.h */,
				09FEB90E2C92C9C300170CFE /* InlineBannerViewController.m */,
				09FEB90F2C92C9C300170CFE /* InterstitialViewController.h */,
				09FEB9102C92C9C300170CFE /* InterstitialViewController.m */,
				09FEB9112C92C9C300170CFE /* ScreenBannerViewController.h */,
				09FEB9122C92C9C300170CFE /* ScreenBannerViewController.m */,
				09FEB9172C92C9C300170CFE /* UIViewController+Extension.swift */,
			);
			path = ViewController;
			sourceTree = "<group>";
		};
/* End PBXGroup section */

/* Begin PBXNativeTarget section */
		09FEB8EC2C92C94B00170CFE /* sdkdemo */ = {
			isa = PBXNativeTarget;
			buildConfigurationList = 09FEB9062C92C94C00170CFE /* Build configuration list for PBXNativeTarget "sdkdemo" */;
			buildPhases = (
				09FEB8E92C92C94B00170CFE /* Sources */,
				09FEB8EA2C92C94B00170CFE /* Frameworks */,
				09FEB8EB2C92C94B00170CFE /* Resources */,
				09FEB9292C92CBE700170CFE /* Embed Frameworks */,
			);
			buildRules = (
			);
			dependencies = (
			);
			name = sdkdemo;
			packageProductDependencies = (
				09FEB92E2C92D30900170CFE /* Toast */,
				09FB31E02C92E7FE000AF00A /* TenMaxMobileAdsSDK */,
			);
			productName = sdkdemo;
			productReference = 09FEB8ED2C92C94B00170CFE /* sdkdemo.app */;
			productType = "com.apple.product-type.application";
		};
/* End PBXNativeTarget section */

/* Begin PBXProject section */
		09FEB8E52C92C94B00170CFE /* Project object */ = {
			isa = PBXProject;
			attributes = {
				BuildIndependentTargetsInParallel = 1;
				LastUpgradeCheck = 1540;
				TargetAttributes = {
					09FEB8EC2C92C94B00170CFE = {
						CreatedOnToolsVersion = 15.4;
					};
				};
			};
			buildConfigurationList = 09FEB8E82C92C94B00170CFE /* Build configuration list for PBXProject "sdkdemo" */;
			compatibilityVersion = "Xcode 14.0";
			developmentRegion = en;
			hasScannedForEncodings = 0;
			knownRegions = (
				en,
				Base,
			);
			mainGroup = 09FEB8E42C92C94B00170CFE;
			packageReferences = (
				09FEB92D2C92D30900170CFE /* XCRemoteSwiftPackageReference "Toast-Swift" */,
				09FB31DF2C92E7FE000AF00A /* XCRemoteSwiftPackageReference "ad-placement-library-sdk-ios" */,
			);
			productRefGroup = 09FEB8EE2C92C94B00170CFE /* Products */;
			projectDirPath = "";
			projectRoot = "";
			targets = (
				09FEB8EC2C92C94B00170CFE /* sdkdemo */,
			);
		};
/* End PBXProject section */

/* Begin PBXResourcesBuildPhase section */
		09FEB8EB2C92C94B00170CFE /* Resources */ = {
			isa = PBXResourcesBuildPhase;
			buildActionMask = 2147483647;
			files = (
				09FEB8FD2C92C94C00170CFE /* Assets.xcassets in Resources */,
				09FEB9002C92C94C00170CFE /* Base in Resources */,
			);
			runOnlyForDeploymentPostprocessing = 0;
		};
/* End PBXResourcesBuildPhase section */

/* Begin PBXSourcesBuildPhase section */
		09FEB8E92C92C94B00170CFE /* Sources */ = {
			isa = PBXSourcesBuildPhase;
			buildActionMask = 2147483647;
			files = (
				09FEB9202C92C9C300170CFE /* UIViewController+Extension.swift in Sources */,
				09FEB91B2C92C9C300170CFE /* InlineBannerViewController.m in Sources */,
				09FEB91C2C92C9C300170CFE /* InterstitialViewController.m in Sources */,
				09FEB8F22C92C94B00170CFE /* AppDelegate.m in Sources */,
				09FEB9192C92C9C300170CFE /* DemoSettings.m in Sources */,
				09FEB9032C92C94C00170CFE /* main.m in Sources */,
				09FEB8F52C92C94B00170CFE /* SceneDelegate.m in Sources */,
				09FEB91D2C92C9C300170CFE /* ScreenBannerViewController.m in Sources */,
				09FEB91A2C92C9C300170CFE /* HomeViewController.m in Sources */,
			);
			runOnlyForDeploymentPostprocessing = 0;
		};
/* End PBXSourcesBuildPhase section */

/* Begin PBXVariantGroup section */
		09FEB8FE2C92C94C00170CFE /* LaunchScreen.storyboard */ = {
			isa = PBXVariantGroup;
			children = (
				09FEB8FF2C92C94C00170CFE /* Base */,
			);
			name = LaunchScreen.storyboard;
			sourceTree = "<group>";
		};
/* End PBXVariantGroup section */

/* Begin XCBuildConfiguration section */
		09FEB9042C92C94C00170CFE /* Debug */ = {
			isa = XCBuildConfiguration;
			buildSettings = {
				ALWAYS_SEARCH_USER_PATHS = NO;
				ASSETCATALOG_COMPILER_GENERATE_SWIFT_ASSET_SYMBOL_EXTENSIONS = YES;
				CLANG_ANALYZER_NONNULL = YES;
				CLANG_ANALYZER_NUMBER_OBJECT_CONVERSION = YES_AGGRESSIVE;
				CLANG_CXX_LANGUAGE_STANDARD = "gnu++20";
				CLANG_ENABLE_MODULES = YES;
				CLANG_ENABLE_OBJC_ARC = YES;
				CLANG_ENABLE_OBJC_WEAK = YES;
				CLANG_WARN_BLOCK_CAPTURE_AUTORELEASING = YES;
				CLANG_WARN_BOOL_CONVERSION = YES;
				CLANG_WARN_COMMA = YES;
				CLANG_WARN_CONSTANT_CONVERSION = YES;
				CLANG_WARN_DEPRECATED_OBJC_IMPLEMENTATIONS = YES;
				CLANG_WARN_DIRECT_OBJC_ISA_USAGE = YES_ERROR;
				CLANG_WARN_DOCUMENTATION_COMMENTS = YES;
				CLANG_WARN_EMPTY_BODY = YES;
				CLANG_WARN_ENUM_CONVERSION = YES;
				CLANG_WARN_INFINITE_RECURSION = YES;
				CLANG_WARN_INT_CONVERSION = YES;
				CLANG_WARN_NON_LITERAL_NULL_CONVERSION = YES;
				CLANG_WARN_OBJC_IMPLICIT_RETAIN_SELF = YES;
				CLANG_WARN_OBJC_LITERAL_CONVERSION = YES;
				CLANG_WARN_OBJC_ROOT_CLASS = YES_ERROR;
				CLANG_WARN_QUOTED_INCLUDE_IN_FRAMEWORK_HEADER = YES;
				CLANG_WARN_RANGE_LOOP_ANALYSIS = YES;
				CLANG_WARN_STRICT_PROTOTYPES = YES;
				CLANG_WARN_SUSPICIOUS_MOVE = YES;
				CLANG_WARN_UNGUARDED_AVAILABILITY = YES_AGGRESSIVE;
				CLANG_WARN_UNREACHABLE_CODE = YES;
				CLANG_WARN__DUPLICATE_METHOD_MATCH = YES;
				COPY_PHASE_STRIP = NO;
				DEBUG_INFORMATION_FORMAT = dwarf;
				ENABLE_STRICT_OBJC_MSGSEND = YES;
				ENABLE_TESTABILITY = YES;
				ENABLE_USER_SCRIPT_SANDBOXING = YES;
				GCC_C_LANGUAGE_STANDARD = gnu17;
				GCC_DYNAMIC_NO_PIC = NO;
				GCC_NO_COMMON_BLOCKS = YES;
				GCC_OPTIMIZATION_LEVEL = 0;
				GCC_PREPROCESSOR_DEFINITIONS = (
					"DEBUG=1",
					"$(inherited)",
				);
				GCC_WARN_64_TO_32_BIT_CONVERSION = YES;
				GCC_WARN_ABOUT_RETURN_TYPE = YES_ERROR;
				GCC_WARN_UNDECLARED_SELECTOR = YES;
				GCC_WARN_UNINITIALIZED_AUTOS = YES_AGGRESSIVE;
				GCC_WARN_UNUSED_FUNCTION = YES;
				GCC_WARN_UNUSED_VARIABLE = YES;
				IPHONEOS_DEPLOYMENT_TARGET = 12.0;
				LOCALIZATION_PREFERS_STRING_CATALOGS = YES;
				MTL_ENABLE_DEBUG_INFO = INCLUDE_SOURCE;
				MTL_FAST_MATH = YES;
				ONLY_ACTIVE_ARCH = YES;
				SDKROOT = iphoneos;
			};
			name = Debug;
		};
		09FEB9052C92C94C00170CFE /* Release */ = {
			isa = XCBuildConfiguration;
			buildSettings = {
				ALWAYS_SEARCH_USER_PATHS = NO;
				ASSETCATALOG_COMPILER_GENERATE_SWIFT_ASSET_SYMBOL_EXTENSIONS = YES;
				CLANG_ANALYZER_NONNULL = YES;
				CLANG_ANALYZER_NUMBER_OBJECT_CONVERSION = YES_AGGRESSIVE;
				CLANG_CXX_LANGUAGE_STANDARD = "gnu++20";
				CLANG_ENABLE_MODULES = YES;
				CLANG_ENABLE_OBJC_ARC = YES;
				CLANG_ENABLE_OBJC_WEAK = YES;
				CLANG_WARN_BLOCK_CAPTURE_AUTORELEASING = YES;
				CLANG_WARN_BOOL_CONVERSION = YES;
				CLANG_WARN_COMMA = YES;
				CLANG_WARN_CONSTANT_CONVERSION = YES;
				CLANG_WARN_DEPRECATED_OBJC_IMPLEMENTATIONS = YES;
				CLANG_WARN_DIRECT_OBJC_ISA_USAGE = YES_ERROR;
				CLANG_WARN_DOCUMENTATION_COMMENTS = YES;
				CLANG_WARN_EMPTY_BODY = YES;
				CLANG_WARN_ENUM_CONVERSION = YES;
				CLANG_WARN_INFINITE_RECURSION = YES;
				CLANG_WARN_INT_CONVERSION = YES;
				CLANG_WARN_NON_LITERAL_NULL_CONVERSION = YES;
				CLANG_WARN_OBJC_IMPLICIT_RETAIN_SELF = YES;
				CLANG_WARN_OBJC_LITERAL_CONVERSION = YES;
				CLANG_WARN_OBJC_ROOT_CLASS = YES_ERROR;
				CLANG_WARN_QUOTED_INCLUDE_IN_FRAMEWORK_HEADER = YES;
				CLANG_WARN_RANGE_LOOP_ANALYSIS = YES;
				CLANG_WARN_STRICT_PROTOTYPES = YES;
				CLANG_WARN_SUSPICIOUS_MOVE = YES;
				CLANG_WARN_UNGUARDED_AVAILABILITY = YES_AGGRESSIVE;
				CLANG_WARN_UNREACHABLE_CODE = YES;
				CLANG_WARN__DUPLICATE_METHOD_MATCH = YES;
				COPY_PHASE_STRIP = NO;
				DEBUG_INFORMATION_FORMAT = "dwarf-with-dsym";
				ENABLE_NS_ASSERTIONS = NO;
				ENABLE_STRICT_OBJC_MSGSEND = YES;
				ENABLE_USER_SCRIPT_SANDBOXING = YES;
				GCC_C_LANGUAGE_STANDARD = gnu17;
				GCC_NO_COMMON_BLOCKS = YES;
				GCC_WARN_64_TO_32_BIT_CONVERSION = YES;
				GCC_WARN_ABOUT_RETURN_TYPE = YES_ERROR;
				GCC_WARN_UNDECLARED_SELECTOR = YES;
				GCC_WARN_UNINITIALIZED_AUTOS = YES_AGGRESSIVE;
				GCC_WARN_UNUSED_FUNCTION = YES;
				GCC_WARN_UNUSED_VARIABLE = YES;
				IPHONEOS_DEPLOYMENT_TARGET = 12.0;
				LOCALIZATION_PREFERS_STRING_CATALOGS = YES;
				MTL_ENABLE_DEBUG_INFO = NO;
				MTL_FAST_MATH = YES;
				SDKROOT = iphoneos;
				VALIDATE_PRODUCT = YES;
			};
			name = Release;
		};
		09FEB9072C92C94C00170CFE /* Debug */ = {
			isa = XCBuildConfiguration;
			buildSettings = {
				ASSETCATALOG_COMPILER_APPICON_NAME = AppIcon;
				ASSETCATALOG_COMPILER_GLOBAL_ACCENT_COLOR_NAME = AccentColor;
				CODE_SIGN_STYLE = Automatic;
				CURRENT_PROJECT_VERSION = 8;
				DEVELOPMENT_TEAM = "";
				GENERATE_INFOPLIST_FILE = YES;
				INFOPLIST_FILE = sdkdemo/Info.plist;
				INFOPLIST_KEY_NSUserTrackingUsageDescription = "Tracking usage description";
				INFOPLIST_KEY_UIApplicationSupportsIndirectInputEvents = YES;
				INFOPLIST_KEY_UILaunchStoryboardName = LaunchScreen;
				INFOPLIST_KEY_UISupportedInterfaceOrientations_iPad = "UIInterfaceOrientationPortrait UIInterfaceOrientationPortraitUpsideDown UIInterfaceOrientationLandscapeLeft UIInterfaceOrientationLandscapeRight";
				INFOPLIST_KEY_UISupportedInterfaceOrientations_iPhone = "UIInterfaceOrientationPortrait UIInterfaceOrientationLandscapeLeft UIInterfaceOrientationLandscapeRight";
				IPHONEOS_DEPLOYMENT_TARGET = 12.0;
				LD_RUNPATH_SEARCH_PATHS = (
					"$(inherited)",
					"@executable_path/Frameworks",
				);
				MARKETING_VERSION = 1.7;
				PRODUCT_BUNDLE_IDENTIFIER = com.tenmax.sdkdemo.public;
				PRODUCT_NAME = "$(TARGET_NAME)";
				SUPPORTED_PLATFORMS = "iphoneos iphonesimulator";
				SUPPORTS_MACCATALYST = NO;
				SUPPORTS_MAC_DESIGNED_FOR_IPHONE_IPAD = NO;
				SUPPORTS_XR_DESIGNED_FOR_IPHONE_IPAD = NO;
				SWIFT_EMIT_LOC_STRINGS = YES;
				SWIFT_VERSION = 5.0;
				TARGETED_DEVICE_FAMILY = "1,2";
			};
			name = Debug;
		};
		09FEB9082C92C94C00170CFE /* Release */ = {
			isa = XCBuildConfiguration;
			buildSettings = {
				ASSETCATALOG_COMPILER_APPICON_NAME = AppIcon;
				ASSETCATALOG_COMPILER_GLOBAL_ACCENT_COLOR_NAME = AccentColor;
				CODE_SIGN_STYLE = Automatic;
				CURRENT_PROJECT_VERSION = 8;
				DEVELOPMENT_TEAM = "";
				GENERATE_INFOPLIST_FILE = YES;
				INFOPLIST_FILE = sdkdemo/Info.plist;
				INFOPLIST_KEY_NSUserTrackingUsageDescription = "Tracking usage description";
				INFOPLIST_KEY_UIApplicationSupportsIndirectInputEvents = YES;
				INFOPLIST_KEY_UILaunchStoryboardName = LaunchScreen;
				INFOPLIST_KEY_UISupportedInterfaceOrientations_iPad = "UIInterfaceOrientationPortrait UIInterfaceOrientationPortraitUpsideDown UIInterfaceOrientationLandscapeLeft UIInterfaceOrientationLandscapeRight";
				INFOPLIST_KEY_UISupportedInterfaceOrientations_iPhone = "UIInterfaceOrientationPortrait UIInterfaceOrientationLandscapeLeft UIInterfaceOrientationLandscapeRight";
				IPHONEOS_DEPLOYMENT_TARGET = 12.0;
				LD_RUNPATH_SEARCH_PATHS = (
					"$(inherited)",
					"@executable_path/Frameworks",
				);
				MARKETING_VERSION = 1.7;
				PRODUCT_BUNDLE_IDENTIFIER = com.tenmax.sdkdemo.public;
				PRODUCT_NAME = "$(TARGET_NAME)";
				SUPPORTED_PLATFORMS = "iphoneos iphonesimulator";
				SUPPORTS_MACCATALYST = NO;
				SUPPORTS_MAC_DESIGNED_FOR_IPHONE_IPAD = NO;
				SUPPORTS_XR_DESIGNED_FOR_IPHONE_IPAD = NO;
				SWIFT_EMIT_LOC_STRINGS = YES;
				SWIFT_VERSION = 5.0;
				TARGETED_DEVICE_FAMILY = "1,2";
			};
			name = Release;
		};
/* End XCBuildConfiguration section */

/* Begin XCConfigurationList section */
		09FEB8E82C92C94B00170CFE /* Build configuration list for PBXProject "sdkdemo" */ = {
			isa = XCConfigurationList;
			buildConfigurations = (
				09FEB9042C92C94C00170CFE /* Debug */,
				09FEB9052C92C94C00170CFE /* Release */,
			);
			defaultConfigurationIsVisible = 0;
			defaultConfigurationName = Release;
		};
		09FEB9062C92C94C00170CFE /* Build configuration list for PBXNativeTarget "sdkdemo" */ = {
			isa = XCConfigurationList;
			buildConfigurations = (
				09FEB9072C92C94C00170CFE /* Debug */,
				09FEB9082C92C94C00170CFE /* Release */,
			);
			defaultConfigurationIsVisible = 0;
			defaultConfigurationName = Release;
		};
/* End XCConfigurationList section */

/* Begin XCRemoteSwiftPackageReference section */
		09FB31DF2C92E7FE000AF00A /* XCRemoteSwiftPackageReference "ad-placement-library-sdk-ios" */ = {
			isa = XCRemoteSwiftPackageReference;
			repositoryURL = "https://github.com/tenmax/ad-placement-library-sdk-ios";
			requirement = {
				kind = upToNextMinorVersion;
				minimumVersion = 1.0.0;
			};
		};
		09FEB92D2C92D30900170CFE /* XCRemoteSwiftPackageReference "Toast-Swift" */ = {
			isa = XCRemoteSwiftPackageReference;
			repositoryURL = "https://github.com/scalessec/Toast-Swift";
			requirement = {
				kind = upToNextMajorVersion;
				minimumVersion = 5.1.1;
			};
		};
/* End XCRemoteSwiftPackageReference section */

/* Begin XCSwiftPackageProductDependency section */
		09FB31E02C92E7FE000AF00A /* TenMaxMobileAdsSDK */ = {
			isa = XCSwiftPackageProductDependency;
			package = 09FB31DF2C92E7FE000AF00A /* XCRemoteSwiftPackageReference "ad-placement-library-sdk-ios" */;
			productName = TenMaxMobileAdsSDK;
		};
		09FEB92E2C92D30900170CFE /* Toast */ = {
			isa = XCSwiftPackageProductDependency;
			package = 09FEB92D2C92D30900170CFE /* XCRemoteSwiftPackageReference "Toast-Swift" */;
			productName = Toast;
		};
/* End XCSwiftPackageProductDependency section */
	};
	rootObject = 09FEB8E52C92C94B00170CFE /* Project object */;
}
